
Microsoft Visual Studio Solution File, Format Version 12.00
# Visual Studio Version 17
VisualStudioVersion = 17.0.32112.339
MinimumVisualStudioVersion = 10.0.40219.1
Project("{FAE04EC0-301F-11D3-BF4B-00C04F79EFBC}") = "OxygeNiuM", "OxygeNiuM\OxygeNiuM.csproj", "{4B406DFD-5B91-457B-83A0-7F7BC29343E3}"
EndProject
Global
	GlobalSection(SolutionConfigurationPlatforms) = preSolution
		Debug|Any CPU = Debug|Any CPU
		Release|Any CPU = Release|Any CPU
	EndGlobalSection
	GlobalSection(ProjectConfigurationPlatforms) = postSolution
		{4B406DFD-5B91-457B-83A0-7F7BC29343E3}.Debug|Any CPU.ActiveCfg = Debug|Any CPU
		{4B406DFD-5B91-457B-83A0-7F7BC29343E3}.Debug|Any CPU.Build.0 = Debug|Any CPU
		{4B406DFD-5B91-457B-83A0-7F7BC29343E3}.Release|Any CPU.ActiveCfg = Release|Any CPU
		{4B406DFD-5B91-457B-83A0-7F7BC29343E3}.Release|Any CPU.Build.0 = Release|Any CPU
	EndGlobalSection
	GlobalSection(SolutionProperties) = preSolution
		HideSolutionNode = FALSE
	EndGlobalSection
	GlobalSection(ExtensibilityGlobals) = postSolution
		SolutionGuid = {9FBF4D37-2113-4E45-B976-DEDB691AC308}
	EndGlobalSection
EndGlobal
